{
  "name": "@vuaassistant/ai-router",
  "version": "0.1.0",
  "lockfileVersion": 3,
  "requires": true,
  "packages": {
    "": {
      "name": "@vuaassistant/ai-router",
      "version": "0.1.0",
      "dependencies": {
        "node-machine-id": "^1.1.12",
        "undici": "^8.7.0",
        "uuid": "^14.0.1"
      },
      "engines": {
        "node": ">=20"
      }
    },
    "node_modules/node-machine-id": {
      "version": "1.1.12",
      "resolved": "https://registry.npmjs.org/node-machine-id/-/node-machine-id-1.1.12.tgz",
      "integrity": "sha512-QNABxbrPa3qEIfrE6GOJ7BYIuignnJw7iQ2YPbc3Nla1HzRJjXzZOiikfF8m7eAMfichLt3M4VgLOetqgDmgGQ==",
      "license": "MIT"
    },
    "node_modules/undici": {
      "version": "8.7.0",
      "resolved": "https://registry.npmjs.org/undici/-/undici-8.7.0.tgz",
      "integrity": "sha512-N7iQtfyLhIMOFgQubvmLV26svHpO0bqKnAiWotTQCVKCmWrcGbBotPuW1x+xwYZ2VHdSTVUfPQQnlEt1/LouTQ==",
      "license": "MIT",
      "engines": {
        "node": ">=22.19.0"
      }
    },
    "node_modules/uuid": {
      "version": "14.0.1",
      "resolved": "https://registry.npmjs.org/uuid/-/uuid-14.0.1.tgz",
      "integrity": "sha512-6ZxzVpzDXDa3bJWaHilVayA+BH/1zmxCJoVgvmqJnid/gPoKHxUrS/aC/T6LGQtNHT+XHG9fXPJB4d+IrU30Ew==",
      "funding": [
        "https://github.com/sponsors/broofa",
        "https://github.com/sponsors/ctavan"
      ],
      "license": "MIT",
      "bin": {
        "uuid": "dist-node/bin/uuid"
      }
    }
  }
}
